
Microsoft Visual Studio Solution File, Format Version 12.00
# Visual Studio Version 17
VisualStudioVersion = 17.3.32901.215
MinimumVisualStudioVersion = 10.0.40219.1
Project("{FAE04EC0-301F-11D3-BF4B-00C04F79EFBC}") = "Ong", "Ong\Ong.csproj", "{14E9E892-8B32-4660-AC5D-6B2693CDBCBB}"
EndProject
Global
	GlobalSection(SolutionConfigurationPlatforms) = preSolution
		Debug|Any CPU = Debug|Any CPU
		Release|Any CPU = Release|Any CPU
	EndGlobalSection
	GlobalSection(ProjectConfigurationPlatforms) = postSolution
		{14E9E892-8B32-4660-AC5D-6B2693CDBCBB}.Debug|Any CPU.ActiveCfg = Debug|Any CPU
		{14E9E892-8B32-4660-AC5D-6B2693CDBCBB}.Debug|Any CPU.Build.0 = Debug|Any CPU
		{14E9E892-8B32-4660-AC5D-6B2693CDBCBB}.Release|Any CPU.ActiveCfg = Release|Any CPU
		{14E9E892-8B32-4660-AC5D-6B2693CDBCBB}.Release|Any CPU.Build.0 = Release|Any CPU
	EndGlobalSection
	GlobalSection(SolutionProperties) = preSolution
		HideSolutionNode = FALSE
	EndGlobalSection
	GlobalSection(ExtensibilityGlobals) = postSolution
		SolutionGuid = {929BC498-85C4-40EF-8915-60112A3A2EE9}
	EndGlobalSection
EndGlobal
